
Microsoft Visual Studio Solution File, Format Version 12.00
# Visual Studio Version 16
VisualStudioVersion = 16.0.31019.35
MinimumVisualStudioVersion = 10.0.40219.1
Project("{FAE04EC0-301F-11D3-BF4B-00C04F79EFBC}") = "Views", "View\Views.csproj", "{270B8E23-EE1A-4FAF-8480-A8D859E5EB99}"
EndProject
Project("{FAE04EC0-301F-11D3-BF4B-00C04F79EFBC}") = "Presenters", "Presenters\Presenters.csproj", "{20B017C5-946B-4B61-9224-C9F2502025F7}"
EndProject
Project("{FAE04EC0-301F-11D3-BF4B-00C04F79EFBC}") = "Models", "Models\Models.csproj", "{EC03719A-3C1F-4DAB-B235-516F6C4FA7AD}"
EndProject
Project("{FAE04EC0-301F-11D3-BF4B-00C04F79EFBC}") = "Services", "Services\Services.csproj", "{576ED073-971D-460E-8FE8-A5E980022D8C}"
EndProject
Global
	GlobalSection(SolutionConfigurationPlatforms) = preSolution
		Debug|Any CPU = Debug|Any CPU
		Release|Any CPU = Release|Any CPU
	EndGlobalSection
	GlobalSection(ProjectConfigurationPlatforms) = postSolution
		{270B8E23-EE1A-4FAF-8480-A8D859E5EB99}.Debug|Any CPU.ActiveCfg = Debug|Any CPU
		{270B8E23-EE1A-4FAF-8480-A8D859E5EB99}.Debug|Any CPU.Build.0 = Debug|Any CPU
		{270B8E23-EE1A-4FAF-8480-A8D859E5EB99}.Release|Any CPU.ActiveCfg = Release|Any CPU
		{270B8E23-EE1A-4FAF-8480-A8D859E5EB99}.Release|Any CPU.Build.0 = Release|Any CPU
		{20B017C5-946B-4B61-9224-C9F2502025F7}.Debug|Any CPU.ActiveCfg = Debug|Any CPU
		{20B017C5-946B-4B61-9224-C9F2502025F7}.Debug|Any CPU.Build.0 = Debug|Any CPU
		{20B017C5-946B-4B61-9224-C9F2502025F7}.Release|Any CPU.ActiveCfg = Release|Any CPU
		{20B017C5-946B-4B61-9224-C9F2502025F7}.Release|Any CPU.Build.0 = Release|Any CPU
		{EC03719A-3C1F-4DAB-B235-516F6C4FA7AD}.Debug|Any CPU.ActiveCfg = Debug|Any CPU
		{EC03719A-3C1F-4DAB-B235-516F6C4FA7AD}.Debug|Any CPU.Build.0 = Debug|Any CPU
		{EC03719A-3C1F-4DAB-B235-516F6C4FA7AD}.Release|Any CPU.ActiveCfg = Release|Any CPU
		{EC03719A-3C1F-4DAB-B235-516F6C4FA7AD}.Release|Any CPU.Build.0 = Release|Any CPU
		{576ED073-971D-460E-8FE8-A5E980022D8C}.Debug|Any CPU.ActiveCfg = Debug|Any CPU
		{576ED073-971D-460E-8FE8-A5E980022D8C}.Debug|Any CPU.Build.0 = Debug|Any CPU
		{576ED073-971D-460E-8FE8-A5E980022D8C}.Release|Any CPU.ActiveCfg = Release|Any CPU
		{576ED073-971D-460E-8FE8-A5E980022D8C}.Release|Any CPU.Build.0 = Release|Any CPU
	EndGlobalSection
	GlobalSection(SolutionProperties) = preSolution
		HideSolutionNode = FALSE
	EndGlobalSection
	GlobalSection(ExtensibilityGlobals) = postSolution
		SolutionGuid = {5CA88783-9F08-4DDC-9B90-FE1058684AA0}
	EndGlobalSection
EndGlobal
